
Microsoft Visual Studio Solution File, Format Version 12.00
# Visual Studio Version 17
VisualStudioVersion = 17.4.33403.182
MinimumVisualStudioVersion = 10.0.40219.1
Project("{FAE04EC0-301F-11D3-BF4B-00C04F79EFBC}") = "SampleMVCApplication", "SampleMVCApplication.csproj", "{3E96F4C4-C653-480D-8586-91721A7A73DA}"
EndProject
Global
	GlobalSection(SolutionConfigurationPlatforms) = preSolution
		Debug|Any CPU = Debug|Any CPU
		Release|Any CPU = Release|Any CPU
	EndGlobalSection
	GlobalSection(ProjectConfigurationPlatforms) = postSolution
		{3E96F4C4-C653-480D-8586-91721A7A73DA}.Debug|Any CPU.ActiveCfg = Debug|Any CPU
		{3E96F4C4-C653-480D-8586-91721A7A73DA}.Debug|Any CPU.Build.0 = Debug|Any CPU
		{3E96F4C4-C653-480D-8586-91721A7A73DA}.Release|Any CPU.ActiveCfg = Release|Any CPU
		{3E96F4C4-C653-480D-8586-91721A7A73DA}.Release|Any CPU.Build.0 = Release|Any CPU
	EndGlobalSection
	GlobalSection(SolutionProperties) = preSolution
		HideSolutionNode = FALSE
	EndGlobalSection
	GlobalSection(ExtensibilityGlobals) = postSolution
		SolutionGuid = {DF36E72C-62D4-4F28-97F3-77A474F1508E}
	EndGlobalSection
EndGlobal
